// !$*UTF8*$!
{
	archiveVersion = 1;
	classes = {
	};
	objectVersion = 50;
	objects = {

/* Begin PBXBuildFile section */
		EBE77A1121E842EB00E2D672 /* AppDelegate.m in Sources */ = {isa = PBXBuildFile; fileRef = EBE77A1021E842EB00E2D672 /* AppDelegate.m */; };
		EBE77A1321E842EC00E2D672 /* Assets.xcassets in Resources */ = {isa = PBXBuildFile; fileRef = EBE77A1221E842EC00E2D672 /* Assets.xcassets */; };
		EBE77A1621E842EC00E2D672 /* MainMenu.xib in Resources */ = {isa = PBXBuildFile; fileRef = EBE77A1421E842EC00E2D672 /* MainMenu.xib */; };
		EBE77A1921E842EC00E2D672 /* main.m in Sources */ = {isa = PBXBuildFile; fileRef = EBE77A1821E842EC00E2D672 /* main.m */; };
		EBE77A2A21E8475600E2D672 /* DragInView.m in Sources */ = {isa = PBXBuildFile; fileRef = EBE77A2921E8475600E2D672 /* DragInView.m */; };
		EBE77A2D21E876CE00E2D672 /* NSTask+Terminal.m in Sources */ = {isa = PBXBuildFile; fileRef = EBE77A2C21E876CE00E2D672 /* NSTask+Terminal.m */; };
/* End PBXBuildFile section */

/* Begin PBXFileReference section */
		EBE77A0C21E842EB00E2D672 /* IconConvertIcns.app */ = {isa = PBXFileReference; explicitFileType = wrapper.application; includeInIndex = 0; path = IconConvertIcns.app; sourceTree = BUILT_PRODUCTS_DIR; };
		EBE77A0F21E842EB00E2D672 /* AppDelegate.h */ = {isa = PBXFileReference; lastKnownFileType = sourcecode.c.h; path = AppDelegate.h; sourceTree = "<group>"; };
		EBE77A1021E842EB00E2D672 /* AppDelegate.m */ = {isa = PBXFileReference; lastKnownFileType = sourcecode.c.objc; path = AppDelegate.m; sourceTree = "<group>"; };
		EBE77A1221E842EC00E2D672 /* Assets.xcassets */ = {isa = PBXFileReference; lastKnownFileType = folder.assetcatalog; path = Assets.xcassets; sourceTree = "<group>"; };
		EBE77A1521E842EC00E2D672 /* Base */ = {isa = PBXFileReference; lastKnownFileType = file.xib; name = Base; path = Base.lproj/MainMenu.xib; sourceTree = "<group>"; };
		EBE77A1721E842EC00E2D672 /* Info.plist */ = {isa = PBXFileReference; lastKnownFileType = text.plist.xml; path = Info.plist; sourceTree = "<group>"; };
		EBE77A1821E842EC00E2D672 /* main.m */ = {isa = PBXFileReference; lastKnownFileType = sourcecode.c.objc; path = main.m; sourceTree = "<group>"; };
		EBE77A1A21E842EC00E2D672 /* PNGConvertIcns.entitlements */ = {isa = PBXFileReference; lastKnownFileType = text.plist.entitlements; path = PNGConvertIcns.entitlements; sourceTree = "<group>"; };
		EBE77A2821E8475600E2D672 /* DragInView.h */ = {isa = PBXFileReference; lastKnownFileType = sourcecode.c.h; path = DragInView.h; sourceTree = "<group>"; };
		EBE77A2921E8475600E2D672 /* DragInView.m */ = {isa = PBXFileReference; lastKnownFileType = sourcecode.c.objc; path = DragInView.m; sourceTree = "<group>"; };
		EBE77A2B21E876CE00E2D672 /* NSTask+Terminal.h */ = {isa = PBXFileReference; lastKnownFileType = sourcecode.c.h; path = "NSTask+Terminal.h"; sourceTree = "<group>"; };
		EBE77A2C21E876CE00E2D672 /* NSTask+Terminal.m */ = {isa = PBXFileReference; lastKnownFileType = sourcecode.c.objc; path = "NSTask+Terminal.m"; sourceTree = "<group>"; };
/* End PBXFileReference section */

/* Begin PBXFrameworksBuildPhase section */
		EBE77A0921E842EB00E2D672 /* Frameworks */ = {
			isa = PBXFrameworksBuildPhase;
			buildActionMask = 2147483647;
			files = (
			);
			runOnlyForDeploymentPostprocessing = 0;
		};
/* End PBXFrameworksBuildPhase section */

/* Begin PBXGroup section */
		EBE77A0321E842EB00E2D672 = {
			isa = PBXGroup;
			children = (
				EBE77A0E21E842EB00E2D672 /* IconConvertIcns */,
				EBE77A0D21E842EB00E2D672 /* Products */,
			);
			sourceTree = "<group>";
		};
		EBE77A0D21E842EB00E2D672 /* Products */ = {
			isa = PBXGroup;
			children = (
				EBE77A0C21E842EB00E2D672 /* IconConvertIcns.app */,
			);
			name = Products;
			sourceTree = "<group>";
		};
		EBE77A0E21E842EB00E2D672 /* IconConvertIcns */ = {
			isa = PBXGroup;
			children = (
				EBE77A0F21E842EB00E2D672 /* AppDelegate.h */,
				EBE77A1021E842EB00E2D672 /* AppDelegate.m */,
				EBE77A2821E8475600E2D672 /* DragInView.h */,
				EBE77A2921E8475600E2D672 /* DragInView.m */,
				EBE77A2B21E876CE00E2D672 /* NSTask+Terminal.h */,
				EBE77A2C21E876CE00E2D672 /* NSTask+Terminal.m */,
				EBE77A1221E842EC00E2D672 /* Assets.xcassets */,
				EBE77A1421E842EC00E2D672 /* MainMenu.xib */,
				EBE77A1721E842EC00E2D672 /* Info.plist */,
				EBE77A1821E842EC00E2D672 /* main.m */,
				EBE77A1A21E842EC00E2D672 /* PNGConvertIcns.entitlements */,
			);
			path = IconConvertIcns;
			sourceTree = "<group>";
		};
/* End PBXGroup section */

/* Begin PBXNativeTarget section */
		EBE77A0B21E842EB00E2D672 /* IconConvertIcns */ = {
			isa = PBXNativeTarget;
			buildConfigurationList = EBE77A1D21E842EC00E2D672 /* Build configuration list for PBXNativeTarget "IconConvertIcns" */;
			buildPhases = (
				EBE77A0821E842EB00E2D672 /* Sources */,
				EBE77A0921E842EB00E2D672 /* Frameworks */,
				EBE77A0A21E842EB00E2D672 /* Resources */,
			);
			buildRules = (
			);
			dependencies = (
			);
			name = IconConvertIcns;
			productName = PNGConvertIcns;
			productReference = EBE77A0C21E842EB00E2D672 /* IconConvertIcns.app */;
			productType = "com.apple.product-type.application";
		};
/* End PBXNativeTarget section */

/* Begin PBXProject section */
		EBE77A0421E842EB00E2D672 /* Project object */ = {
			isa = PBXProject;
			attributes = {
				LastUpgradeCheck = 0940;
				ORGANIZATIONNAME = "big-watermelon";
				TargetAttributes = {
					EBE77A0B21E842EB00E2D672 = {
						CreatedOnToolsVersion = 9.4.1;
						SystemCapabilities = {
							com.apple.Sandbox = {
								enabled = 0;
							};
						};
					};
				};
			};
			buildConfigurationList = EBE77A0721E842EB00E2D672 /* Build configuration list for PBXProject "IconConvertIcns" */;
			compatibilityVersion = "Xcode 9.3";
			developmentRegion = en;
			hasScannedForEncodings = 0;
			knownRegions = (
				en,
				Base,
			);
			mainGroup = EBE77A0321E842EB00E2D672;
			productRefGroup = EBE77A0D21E842EB00E2D672 /* Products */;
			projectDirPath = "";
			projectRoot = "";
			targets = (
				EBE77A0B21E842EB00E2D672 /* IconConvertIcns */,
			);
		};
/* End PBXProject section */

/* Begin PBXResourcesBuildPhase section */
		EBE77A0A21E842EB00E2D672 /* Resources */ = {
			isa = PBXResourcesBuildPhase;
			buildActionMask = 2147483647;
			files = (
				EBE77A1321E842EC00E2D672 /* Assets.xcassets in Resources */,
				EBE77A1621E842EC00E2D672 /* MainMenu.xib in Resources */,
			);
			runOnlyForDeploymentPostprocessing = 0;
		};
/* End PBXResourcesBuildPhase section */

/* Begin PBXSourcesBuildPhase section */
		EBE77A0821E842EB00E2D672 /* Sources */ = {
			isa = PBXSourcesBuildPhase;
			buildActionMask = 2147483647;
			files = (
				EBE77A1921E842EC00E2D672 /* main.m in Sources */,
				EBE77A1121E842EB00E2D672 /* AppDelegate.m in Sources */,
				EBE77A2A21E8475600E2D672 /* DragInView.m in Sources */,
				EBE77A2D21E876CE00E2D672 /* NSTask+Terminal.m in Sources */,
			);
			runOnlyForDeploymentPostprocessing = 0;
		};
/* End PBXSourcesBuildPhase section */

/* Begin PBXVariantGroup section */
		EBE77A1421E842EC00E2D672 /* MainMenu.xib */ = {
			isa = PBXVariantGroup;
			children = (
				EBE77A1521E842EC00E2D672 /* Base */,
			);
			name = MainMenu.xib;
			sourceTree = "<group>";
		};
/* End PBXVariantGroup section */

/* Begin XCBuildConfiguration section */
		EBE77A1B21E842EC00E2D672 /* Debug */ = {
			isa = XCBuildConfiguration;
			buildSettings = {
				ALWAYS_SEARCH_USER_PATHS = NO;
				CLANG_ANALYZER_NONNULL = YES;
				CLANG_ANALYZER_NUMBER_OBJECT_CONVERSION = YES_AGGRESSIVE;
				CLANG_CXX_LANGUAGE_STANDARD = "gnu++14";
				CLANG_CXX_LIBRARY = "libc++";
				CLANG_ENABLE_MODULES = YES;
				CLANG_ENABLE_OBJC_ARC = YES;
				CLANG_ENABLE_OBJC_WEAK = YES;
				CLANG_WARN_BLOCK_CAPTURE_AUTORELEASING = YES;
				CLANG_WARN_BOOL_CONVERSION = YES;
				CLANG_WARN_COMMA = YES;
				CLANG_WARN_CONSTANT_CONVERSION = YES;
				CLANG_WARN_DEPRECATED_OBJC_IMPLEMENTATIONS = YES;
				CLANG_WARN_DIRECT_OBJC_ISA_USAGE = YES_ERROR;
				CLANG_WARN_DOCUMENTATION_COMMENTS = YES;
				CLANG_WARN_EMPTY_BODY = YES;
				CLANG_WARN_ENUM_CONVERSION = YES;
				CLANG_WARN_INFINITE_RECURSION = YES;
				CLANG_WARN_INT_CONVERSION = YES;
				CLANG_WARN_NON_LITERAL_NULL_CONVERSION = YES;
				CLANG_WARN_OBJC_IMPLICIT_RETAIN_SELF = YES;
				CLANG_WARN_OBJC_LITERAL_CONVERSION = YES;
				CLANG_WARN_OBJC_ROOT_CLASS = YES_ERROR;
				CLANG_WARN_RANGE_LOOP_ANALYSIS = YES;
				CLANG_WARN_STRICT_PROTOTYPES = YES;
				CLANG_WARN_SUSPICIOUS_MOVE = YES;
				CLANG_WARN_UNGUARDED_AVAILABILITY = YES_AGGRESSIVE;
				CLANG_WARN_UNREACHABLE_CODE = YES;
				CLANG_WARN__DUPLICATE_METHOD_MATCH = YES;
				CODE_SIGN_IDENTITY = "-";
				COPY_PHASE_STRIP = NO;
				DEBUG_INFORMATION_FORMAT = dwarf;
				ENABLE_STRICT_OBJC_MSGSEND = YES;
				ENABLE_TESTABILITY = YES;
				GCC_C_LANGUAGE_STANDARD = gnu11;
				GCC_DYNAMIC_NO_PIC = NO;
				GCC_NO_COMMON_BLOCKS = YES;
				GCC_OPTIMIZATION_LEVEL = 0;
				GCC_PREPROCESSOR_DEFINITIONS = (
					"DEBUG=1",
					"$(inherited)",
				);
				GCC_WARN_64_TO_32_BIT_CONVERSION = YES;
				GCC_WARN_ABOUT_RETURN_TYPE = YES_ERROR;
				GCC_WARN_UNDECLARED_SELECTOR = YES;
				GCC_WARN_UNINITIALIZED_AUTOS = YES_AGGRESSIVE;
				GCC_WARN_UNUSED_FUNCTION = YES;
				GCC_WARN_UNUSED_VARIABLE = YES;
				MACOSX_DEPLOYMENT_TARGET = 10.14;
				MTL_ENABLE_DEBUG_INFO = YES;
				ONLY_ACTIVE_ARCH = YES;
				SDKROOT = macosx;
			};
			name = Debug;
		};
		EBE77A1C21E842EC00E2D672 /* Release */ = {
			isa = XCBuildConfiguration;
			buildSettings = {
				ALWAYS_SEARCH_USER_PATHS = NO;
				CLANG_ANALYZER_NONNULL = YES;
				CLANG_ANALYZER_NUMBER_OBJECT_CONVERSION = YES_AGGRESSIVE;
				CLANG_CXX_LANGUAGE_STANDARD = "gnu++14";
				CLANG_CXX_LIBRARY = "libc++";
				CLANG_ENABLE_MODULES = YES;
				CLANG_ENABLE_OBJC_ARC = YES;
				CLANG_ENABLE_OBJC_WEAK = YES;
				CLANG_WARN_BLOCK_CAPTURE_AUTORELEASING = YES;
				CLANG_WARN_BOOL_CONVERSION = YES;
				CLANG_WARN_COMMA = YES;
				CLANG_WARN_CONSTANT_CONVERSION = YES;
				CLANG_WARN_DEPRECATED_OBJC_IMPLEMENTATIONS = YES;
				CLANG_WARN_DIRECT_OBJC_ISA_USAGE = YES_ERROR;
				CLANG_WARN_DOCUMENTATION_COMMENTS = YES;
				CLANG_WARN_EMPTY_BODY = YES;
				CLANG_WARN_ENUM_CONVERSION = YES;
				CLANG_WARN_INFINITE_RECURSION = YES;
				CLANG_WARN_INT_CONVERSION = YES;
				CLANG_WARN_NON_LITERAL_NULL_CONVERSION = YES;
				CLANG_WARN_OBJC_IMPLICIT_RETAIN_SELF = YES;
				CLANG_WARN_OBJC_LITERAL_CONVERSION = YES;
				CLANG_WARN_OBJC_ROOT_CLASS = YES_ERROR;
				CLANG_WARN_RANGE_LOOP_ANALYSIS = YES;
				CLANG_WARN_STRICT_PROTOTYPES = YES;
				CLANG_WARN_SUSPICIOUS_MOVE = YES;
				CLANG_WARN_UNGUARDED_AVAILABILITY = YES_AGGRESSIVE;
				CLANG_WARN_UNREACHABLE_CODE = YES;
				CLANG_WARN__DUPLICATE_METHOD_MATCH = YES;
				CODE_SIGN_IDENTITY = "-";
				COPY_PHASE_STRIP = NO;
				DEBUG_INFORMATION_FORMAT = "dwarf-with-dsym";
				ENABLE_NS_ASSERTIONS = NO;
				ENABLE_STRICT_OBJC_MSGSEND = YES;
				GCC_C_LANGUAGE_STANDARD = gnu11;
				GCC_NO_COMMON_BLOCKS = YES;
				GCC_WARN_64_TO_32_BIT_CONVERSION = YES;
				GCC_WARN_ABOUT_RETURN_TYPE = YES_ERROR;
				GCC_WARN_UNDECLARED_SELECTOR = YES;
				GCC_WARN_UNINITIALIZED_AUTOS = YES_AGGRESSIVE;
				GCC_WARN_UNUSED_FUNCTION = YES;
				GCC_WARN_UNUSED_VARIABLE = YES;
				MACOSX_DEPLOYMENT_TARGET = 10.14;
				MTL_ENABLE_DEBUG_INFO = NO;
				SDKROOT = macosx;
			};
			name = Release;
		};
		EBE77A1E21E842EC00E2D672 /* Debug */ = {
			isa = XCBuildConfiguration;
			buildSettings = {
				ASSETCATALOG_COMPILER_APPICON_NAME = AppIcon;
				CODE_SIGN_STYLE = Automatic;
				COMBINE_HIDPI_IMAGES = YES;
				INFOPLIST_FILE = IconConvertIcns/Info.plist;
				LD_RUNPATH_SEARCH_PATHS = (
					"$(inherited)",
					"@executable_path/../Frameworks",
				);
				PRODUCT_BUNDLE_IDENTIFIER = com.xxxxxx.IconConvertIcns;
				PRODUCT_NAME = "$(TARGET_NAME)";
			};
			name = Debug;
		};
		EBE77A1F21E842EC00E2D672 /* Release */ = {
			isa = XCBuildConfiguration;
			buildSettings = {
				ASSETCATALOG_COMPILER_APPICON_NAME = AppIcon;
				CODE_SIGN_STYLE = Automatic;
				COMBINE_HIDPI_IMAGES = YES;
				INFOPLIST_FILE = IconConvertIcns/Info.plist;
				LD_RUNPATH_SEARCH_PATHS = (
					"$(inherited)",
					"@executable_path/../Frameworks",
				);
				PRODUCT_BUNDLE_IDENTIFIER = com.xxxxxx.IconConvertIcns;
				PRODUCT_NAME = "$(TARGET_NAME)";
			};
			name = Release;
		};
/* End XCBuildConfiguration section */

/* Begin XCConfigurationList section */
		EBE77A0721E842EB00E2D672 /* Build configuration list for PBXProject "IconConvertIcns" */ = {
			isa = XCConfigurationList;
			buildConfigurations = (
				EBE77A1B21E842EC00E2D672 /* Debug */,
				EBE77A1C21E842EC00E2D672 /* Release */,
			);
			defaultConfigurationIsVisible = 0;
			defaultConfigurationName = Release;
		};
		EBE77A1D21E842EC00E2D672 /* Build configuration list for PBXNativeTarget "IconConvertIcns" */ = {
			isa = XCConfigurationList;
			buildConfigurations = (
				EBE77A1E21E842EC00E2D672 /* Debug */,
				EBE77A1F21E842EC00E2D672 /* Release */,
			);
			defaultConfigurationIsVisible = 0;
			defaultConfigurationName = Release;
		};
/* End XCConfigurationList section */
	};
	rootObject = EBE77A0421E842EB00E2D672 /* Project object */;
}
